<?xml version="1.0" encoding="utf-8"?>
<Project ToolsVersion="4.0" xmlns="http://schemas.microsoft.com/developer/msbuild/2003">
  <ItemGroup>
    <Filter Include="资源文件">
      <UniqueIdentifier>{67DA6AB6-F800-4c08-8B7A-83BB121AAD01}</UniqueIdentifier>
      <Extensions>rc;ico;cur;bmp;dlg;rc2;rct;bin;rgs;gif;jpg;jpeg;jpe;resx;tiff;tif;png;wav;mfcribbon-ms</Extensions>
    </Filter>
    <Filter Include="XMath">
      <UniqueIdentifier>{bbd9b89e-a169-4bbd-b604-bbbc8332a73b}</UniqueIdentifier>
    </Filter>
    <Filter Include="meowMath">
      <UniqueIdentifier>{aeaa5eb4-1a01-432a-afd7-a65cfeb6a8d1}</UniqueIdentifier>
    </Filter>
  </ItemGroup>
  <ItemGroup>
    <ClInclude Include="lstgx_Math\meow_fft.h">
      <Filter>meowMath</Filter>
    </ClInclude>
    <ClInclude Include="lstgx_Math\XCollision.h">
      <Filter>XMath</Filter>
    </ClInclude>
    <ClInclude Include="lstgx_Math\XComplex.h">
      <Filter>XMath</Filter>
    </ClInclude>
    <ClInclude Include="lstgx_Math\XConstant.h">
      <Filter>XMath</Filter>
    </ClInclude>
    <ClInclude Include="lstgx_Math\XDistance.h">
      <Filter>XMath</Filter>
    </ClInclude>
    <ClInclude Include="lstgx_Math\XEquation.h">
      <Filter>XMath</Filter>
    </ClInclude>
    <ClInclude Include="lstgx_Math\XFFT.h">
      <Filter>XMath</Filter>
    </ClInclude>
    <ClInclude Include="lstgx_Math\XIntersect.h">
      <Filter>XMath</Filter>
    </ClInclude>
    <ClInclude Include="lstgx_Math\XMath.h">
      <Filter>XMath</Filter>
    </ClInclude>
    <ClInclude Include="lstgx_Math\XRandom.h">
      <Filter>XMath</Filter>
    </ClInclude>
    <ClInclude Include="lstgx_Math\XSpline.h">
      <Filter>XMath</Filter>
    </ClInclude>
    <ClInclude Include="lstgx_Math\XVec2.h">
      <Filter>XMath</Filter>
    </ClInclude>
  </ItemGroup>
  <ItemGroup>
    <ClCompile Include="lstgx_Math\XVec2.cpp">
      <Filter>XMath</Filter>
    </ClCompile>
    <ClCompile Include="lstgx_Math\XCollision.cpp">
      <Filter>XMath</Filter>
    </ClCompile>
    <ClCompile Include="lstgx_Math\XComplex.cpp">
      <Filter>XMath</Filter>
    </ClCompile>
    <ClCompile Include="lstgx_Math\XDistance.cpp">
      <Filter>XMath</Filter>
    </ClCompile>
    <ClCompile Include="lstgx_Math\XEquation.cpp">
      <Filter>XMath</Filter>
    </ClCompile>
    <ClCompile Include="lstgx_Math\XFFT.cpp">
      <Filter>XMath</Filter>
    </ClCompile>
    <ClCompile Include="lstgx_Math\XIntersect.cpp">
      <Filter>XMath</Filter>
    </ClCompile>
    <ClCompile Include="lstgx_Math\XRandom.cpp">
      <Filter>XMath</Filter>
    </ClCompile>
    <ClCompile Include="lstgx_Math\XSpline.cpp">
      <Filter>XMath</Filter>
    </ClCompile>
  </ItemGroup>
</Project>