<?xml version="1.0" encoding="utf-8"?>
<Project ToolsVersion="4.0" xmlns="http://schemas.microsoft.com/developer/msbuild/2003">
  <ItemGroup>
    <Filter Include="源文件">
      <UniqueIdentifier>{4FC737F1-C7A5-4376-A066-2A32D752A2FF}</UniqueIdentifier>
      <Extensions>cpp;c;cc;cxx;def;odl;idl;hpj;bat;asm;asmx</Extensions>
    </Filter>
    <Filter Include="头文件">
      <UniqueIdentifier>{93995380-89BD-4b04-88EB-625FBE52EBFB}</UniqueIdentifier>
      <Extensions>h;hh;hpp;hxx;hm;inl;inc;ipp;xsd</Extensions>
    </Filter>
    <Filter Include="资源文件">
      <UniqueIdentifier>{67DA6AB6-F800-4c08-8B7A-83BB121AAD01}</UniqueIdentifier>
      <Extensions>rc;ico;cur;bmp;dlg;rc2;rct;bin;rgs;gif;jpg;jpeg;jpe;resx;tiff;tif;png;wav;mfcribbon-ms</Extensions>
    </Filter>
    <Filter Include="实用工具">
      <UniqueIdentifier>{04ee07d9-8f04-4212-9c28-25cfcdf43045}</UniqueIdentifier>
    </Filter>
    <Filter Include="LuaExtensions">
      <UniqueIdentifier>{e4a98e22-0fcb-48b1-a775-b99ec5bd8b5d}</UniqueIdentifier>
    </Filter>
    <Filter Include="LuaExtensions\cjson4lua">
      <UniqueIdentifier>{c0190c10-327a-4e67-89d8-a06397e73907}</UniqueIdentifier>
    </Filter>
    <Filter Include="LuaExtensions\lfs">
      <UniqueIdentifier>{325f7dd4-4760-4ba5-b5ef-ff40212bb8bd}</UniqueIdentifier>
    </Filter>
    <Filter Include="LuaExtensions\luasock">
      <UniqueIdentifier>{e8fac02e-f58a-4f97-a95c-a27080f679c4}</UniqueIdentifier>
    </Filter>
    <Filter Include="LuaWrapper">
      <UniqueIdentifier>{866134f9-f4a5-4098-a240-9a40f56c4127}</UniqueIdentifier>
    </Filter>
    <Filter Include="Debuger">
      <UniqueIdentifier>{d608d663-128f-46b3-ba0f-00a40bc43095}</UniqueIdentifier>
    </Filter>
    <Filter Include="LogSystem">
      <UniqueIdentifier>{7bd11c36-8698-42e6-805e-98a78d56f8ac}</UniqueIdentifier>
    </Filter>
    <Filter Include="Utility">
      <UniqueIdentifier>{ed4761bc-ca0e-439c-84e0-f5e639f0f888}</UniqueIdentifier>
    </Filter>
    <Filter Include="Collision">
      <UniqueIdentifier>{e3f31573-8273-4b6b-9e60-e7001042fe93}</UniqueIdentifier>
    </Filter>
    <Filter Include="Network">
      <UniqueIdentifier>{db87f629-9365-4ce3-aa7e-a187c5bd2c04}</UniqueIdentifier>
    </Filter>
    <Filter Include="ObjectPool">
      <UniqueIdentifier>{fefe8e7c-cf2e-4563-8fc5-513804c54a28}</UniqueIdentifier>
    </Filter>
    <Filter Include="Resource">
      <UniqueIdentifier>{d28a4c4b-eddd-43ea-893a-ab05e41589fb}</UniqueIdentifier>
    </Filter>
  </ItemGroup>
  <ItemGroup>
    <None Include="GameObjectPropertyHash.json">
      <Filter>实用工具</Filter>
    </None>
    <None Include="string2enum.py">
      <Filter>实用工具</Filter>
    </None>
    <None Include="GameObjectPropertyHash.inl">
      <Filter>ObjectPool</Filter>
    </None>
  </ItemGroup>
  <ItemGroup>
    <ClInclude Include="AppFrame.h">
      <Filter>头文件</Filter>
    </ClInclude>
    <ClInclude Include="ESC.h">
      <Filter>头文件</Filter>
    </ClInclude>
    <ClInclude Include="Global.h">
      <Filter>头文件</Filter>
    </ClInclude>
    <ClInclude Include="resource.h">
      <Filter>头文件</Filter>
    </ClInclude>
    <ClInclude Include="SplashWindow.h">
      <Filter>头文件</Filter>
    </ClInclude>
    <ClInclude Include="..\lfs\lfs.h">
      <Filter>LuaExtensions\lfs</Filter>
    </ClInclude>
    <ClInclude Include="..\cjson4lua\dtoa_config.h">
      <Filter>LuaExtensions\cjson4lua</Filter>
    </ClInclude>
    <ClInclude Include="..\cjson4lua\fpconv.h">
      <Filter>LuaExtensions\cjson4lua</Filter>
    </ClInclude>
    <ClInclude Include="..\cjson4lua\strbuf.h">
      <Filter>LuaExtensions\cjson4lua</Filter>
    </ClInclude>
    <ClInclude Include="..\luasocket\src\auxiliar.h">
      <Filter>LuaExtensions\luasock</Filter>
    </ClInclude>
    <ClInclude Include="..\luasocket\src\buffer.h">
      <Filter>LuaExtensions\luasock</Filter>
    </ClInclude>
    <ClInclude Include="..\luasocket\src\except.h">
      <Filter>LuaExtensions\luasock</Filter>
    </ClInclude>
    <ClInclude Include="..\luasocket\src\inet.h">
      <Filter>LuaExtensions\luasock</Filter>
    </ClInclude>
    <ClInclude Include="..\luasocket\src\io.h">
      <Filter>LuaExtensions\luasock</Filter>
    </ClInclude>
    <ClInclude Include="..\luasocket\src\luasocket.h">
      <Filter>LuaExtensions\luasock</Filter>
    </ClInclude>
    <ClInclude Include="..\luasocket\src\mime.h">
      <Filter>LuaExtensions\luasock</Filter>
    </ClInclude>
    <ClInclude Include="..\luasocket\src\options.h">
      <Filter>LuaExtensions\luasock</Filter>
    </ClInclude>
    <ClInclude Include="..\luasocket\src\select.h">
      <Filter>LuaExtensions\luasock</Filter>
    </ClInclude>
    <ClInclude Include="..\luasocket\src\socket.h">
      <Filter>LuaExtensions\luasock</Filter>
    </ClInclude>
    <ClInclude Include="..\luasocket\src\tcp.h">
      <Filter>LuaExtensions\luasock</Filter>
    </ClInclude>
    <ClInclude Include="..\luasocket\src\timeout.h">
      <Filter>LuaExtensions\luasock</Filter>
    </ClInclude>
    <ClInclude Include="..\luasocket\src\udp.h">
      <Filter>LuaExtensions\luasock</Filter>
    </ClInclude>
    <ClInclude Include="..\luasocket\src\wsocket.h">
      <Filter>LuaExtensions\luasock</Filter>
    </ClInclude>
    <ClInclude Include="LuaWrapper.h">
      <Filter>LuaWrapper</Filter>
    </ClInclude>
    <ClInclude Include="RemoteDebuggerClient.h">
      <Filter>Debuger</Filter>
    </ClInclude>
    <ClInclude Include="LogSystem.h">
      <Filter>LogSystem</Filter>
    </ClInclude>
    <ClInclude Include="Bencode.h">
      <Filter>Utility</Filter>
    </ClInclude>
    <ClInclude Include="Utility.h">
      <Filter>Utility</Filter>
    </ClInclude>
    <ClInclude Include="UnicodeStringEncoding.h">
      <Filter>Utility</Filter>
    </ClInclude>
    <ClInclude Include="Dictionary.hpp">
      <Filter>Utility</Filter>
    </ClInclude>
    <ClInclude Include="CirularQueue.hpp">
      <Filter>Utility</Filter>
    </ClInclude>
    <ClInclude Include="CollisionDetect.h">
      <Filter>Collision</Filter>
    </ClInclude>
    <ClInclude Include="Network.h">
      <Filter>Network</Filter>
    </ClInclude>
    <ClInclude Include="ObjectPool.hpp">
      <Filter>Utility</Filter>
    </ClInclude>
    <ClInclude Include="GameObjectPool.h">
      <Filter>ObjectPool</Filter>
    </ClInclude>
    <ClInclude Include="ResourceMgr.h">
      <Filter>Resource</Filter>
    </ClInclude>
  </ItemGroup>
  <ItemGroup>
    <ClCompile Include="AppFrame.cpp">
      <Filter>源文件</Filter>
    </ClCompile>
    <ClCompile Include="ESC.cpp">
      <Filter>源文件</Filter>
    </ClCompile>
    <ClCompile Include="KeyboardX.cpp">
      <Filter>源文件</Filter>
    </ClCompile>
    <ClCompile Include="Main.cpp">
      <Filter>源文件</Filter>
    </ClCompile>
    <ClCompile Include="SplashWindow.cpp">
      <Filter>源文件</Filter>
    </ClCompile>
    <ClCompile Include="..\lfs\lfs.c">
      <Filter>LuaExtensions\lfs</Filter>
    </ClCompile>
    <ClCompile Include="..\cjson4lua\dtoa.c">
      <Filter>LuaExtensions\cjson4lua</Filter>
    </ClCompile>
    <ClCompile Include="..\cjson4lua\fpconv.c">
      <Filter>LuaExtensions\cjson4lua</Filter>
    </ClCompile>
    <ClCompile Include="..\cjson4lua\g_fmt.c">
      <Filter>LuaExtensions\cjson4lua</Filter>
    </ClCompile>
    <ClCompile Include="..\cjson4lua\lua_cjson.c">
      <Filter>LuaExtensions\cjson4lua</Filter>
    </ClCompile>
    <ClCompile Include="..\cjson4lua\strbuf.c">
      <Filter>LuaExtensions\cjson4lua</Filter>
    </ClCompile>
    <ClCompile Include="..\luasocket\src\auxiliar.c">
      <Filter>LuaExtensions\luasock</Filter>
    </ClCompile>
    <ClCompile Include="..\luasocket\src\buffer.c">
      <Filter>LuaExtensions\luasock</Filter>
    </ClCompile>
    <ClCompile Include="..\luasocket\src\except.c">
      <Filter>LuaExtensions\luasock</Filter>
    </ClCompile>
    <ClCompile Include="..\luasocket\src\inet.c">
      <Filter>LuaExtensions\luasock</Filter>
    </ClCompile>
    <ClCompile Include="..\luasocket\src\io.c">
      <Filter>LuaExtensions\luasock</Filter>
    </ClCompile>
    <ClCompile Include="..\luasocket\src\luasocket.c">
      <Filter>LuaExtensions\luasock</Filter>
    </ClCompile>
    <ClCompile Include="..\luasocket\src\mime.c">
      <Filter>LuaExtensions\luasock</Filter>
    </ClCompile>
    <ClCompile Include="..\luasocket\src\options.c">
      <Filter>LuaExtensions\luasock</Filter>
    </ClCompile>
    <ClCompile Include="..\luasocket\src\select.c">
      <Filter>LuaExtensions\luasock</Filter>
    </ClCompile>
    <ClCompile Include="..\luasocket\src\tcp.c">
      <Filter>LuaExtensions\luasock</Filter>
    </ClCompile>
    <ClCompile Include="..\luasocket\src\timeout.c">
      <Filter>LuaExtensions\luasock</Filter>
    </ClCompile>
    <ClCompile Include="..\luasocket\src\udp.c">
      <Filter>LuaExtensions\luasock</Filter>
    </ClCompile>
    <ClCompile Include="..\luasocket\src\wsocket.c">
      <Filter>LuaExtensions\luasock</Filter>
    </ClCompile>
    <ClCompile Include="LuaWrapper.cpp">
      <Filter>LuaWrapper</Filter>
    </ClCompile>
    <ClCompile Include="RemoteDebuggerClient.cpp">
      <Filter>Debuger</Filter>
    </ClCompile>
    <ClCompile Include="LogSystem.cpp">
      <Filter>LogSystem</Filter>
    </ClCompile>
    <ClCompile Include="XInputWrapper.cpp">
      <Filter>LuaWrapper</Filter>
    </ClCompile>
    <ClCompile Include="BentlazerWrapper.cpp">
      <Filter>LuaWrapper</Filter>
    </ClCompile>
    <ClCompile Include="StopWatchWrapper.cpp">
      <Filter>LuaWrapper</Filter>
    </ClCompile>
    <ClCompile Include="ColorWrapper.cpp">
      <Filter>LuaWrapper</Filter>
    </ClCompile>
    <ClCompile Include="RandomizerWrapper.cpp">
      <Filter>LuaWrapper</Filter>
    </ClCompile>
    <ClCompile Include="GameResourceWrapper.cpp">
      <Filter>LuaWrapper</Filter>
    </ClCompile>
    <ClCompile Include="Bencode.cpp">
      <Filter>Utility</Filter>
    </ClCompile>
    <ClCompile Include="Utility.cpp">
      <Filter>Utility</Filter>
    </ClCompile>
    <ClCompile Include="UnicodeStringEncoding.cpp">
      <Filter>Utility</Filter>
    </ClCompile>
    <ClCompile Include="CollisionDetect.cpp">
      <Filter>Collision</Filter>
    </ClCompile>
    <ClCompile Include="Network.cpp">
      <Filter>Network</Filter>
    </ClCompile>
    <ClCompile Include="GameObjectPool.cpp">
      <Filter>ObjectPool</Filter>
    </ClCompile>
    <ClCompile Include="GameObjectBentLaser.cpp">
      <Filter>ObjectPool</Filter>
    </ClCompile>
    <ClCompile Include="GameObjectColliderWrapper.cpp">
      <Filter>LuaWrapper</Filter>
    </ClCompile>
    <ClCompile Include="ResourceMgr.cpp">
      <Filter>Resource</Filter>
    </ClCompile>
    <ClCompile Include="ResourcePack.cpp">
      <Filter>Resource</Filter>
    </ClCompile>
  </ItemGroup>
  <ItemGroup>
    <Image Include="app.ico">
      <Filter>资源文件</Filter>
    </Image>
    <Image Include="splash.png">
      <Filter>资源文件</Filter>
    </Image>
  </ItemGroup>
  <ItemGroup>
    <ResourceCompile Include="LuaSTGPlus.rc">
      <Filter>资源文件</Filter>
    </ResourceCompile>
  </ItemGroup>
</Project>