<?xml version="1.0" encoding="utf-8"?>
<Project ToolsVersion="4.0" xmlns="http://schemas.microsoft.com/developer/msbuild/2003">
  <ItemGroup>
    <Filter Include="资源文件">
      <UniqueIdentifier>{67DA6AB6-F800-4c08-8B7A-83BB121AAD01}</UniqueIdentifier>
      <Extensions>rc;ico;cur;bmp;dlg;rc2;rct;bin;rgs;gif;jpg;jpeg;jpe;resx;tiff;tif;png;wav;mfcribbon-ms</Extensions>
    </Filter>
    <Filter Include="header">
      <UniqueIdentifier>{93995380-89BD-4b04-88EB-625FBE52EBFB}</UniqueIdentifier>
      <Extensions>h;hh;hpp;hxx;hm;inl;inc;ipp;xsd</Extensions>
    </Filter>
    <Filter Include="header\include">
      <UniqueIdentifier>{631ed22e-6058-4de4-85ef-bfbe96e58d29}</UniqueIdentifier>
    </Filter>
    <Filter Include="header\lib">
      <UniqueIdentifier>{dee9448f-4687-478c-86c4-44cf1ec0691d}</UniqueIdentifier>
    </Filter>
    <Filter Include="src">
      <UniqueIdentifier>{4FC737F1-C7A5-4376-A066-2A32D752A2FF}</UniqueIdentifier>
      <Extensions>cpp;c;cc;cxx;def;odl;idl;hpj;bat;asm;asmx</Extensions>
    </Filter>
  </ItemGroup>
  <ItemGroup>
    <ClInclude Include="include\vorbis\codec.h">
      <Filter>header\include</Filter>
    </ClInclude>
    <ClInclude Include="include\vorbis\vorbisfile.h">
      <Filter>header\include</Filter>
    </ClInclude>
    <ClInclude Include="lib\backends.h">
      <Filter>header\lib</Filter>
    </ClInclude>
    <ClInclude Include="lib\bitrate.h">
      <Filter>header\lib</Filter>
    </ClInclude>
    <ClInclude Include="lib\codebook.h">
      <Filter>header\lib</Filter>
    </ClInclude>
    <ClInclude Include="lib\codec_internal.h">
      <Filter>header\lib</Filter>
    </ClInclude>
    <ClInclude Include="lib\envelope.h">
      <Filter>header\lib</Filter>
    </ClInclude>
    <ClInclude Include="lib\highlevel.h">
      <Filter>header\lib</Filter>
    </ClInclude>
    <ClInclude Include="lib\lookup.h">
      <Filter>header\lib</Filter>
    </ClInclude>
    <ClInclude Include="lib\lookup_data.h">
      <Filter>header\lib</Filter>
    </ClInclude>
    <ClInclude Include="lib\lpc.h">
      <Filter>header\lib</Filter>
    </ClInclude>
    <ClInclude Include="lib\lsp.h">
      <Filter>header\lib</Filter>
    </ClInclude>
    <ClInclude Include="lib\masking.h">
      <Filter>header\lib</Filter>
    </ClInclude>
    <ClInclude Include="lib\mdct.h">
      <Filter>header\lib</Filter>
    </ClInclude>
    <ClInclude Include="lib\misc.h">
      <Filter>header\lib</Filter>
    </ClInclude>
    <ClInclude Include="lib\os.h">
      <Filter>header\lib</Filter>
    </ClInclude>
    <ClInclude Include="lib\psy.h">
      <Filter>header\lib</Filter>
    </ClInclude>
    <ClInclude Include="lib\registry.h">
      <Filter>header\lib</Filter>
    </ClInclude>
    <ClInclude Include="lib\scales.h">
      <Filter>header\lib</Filter>
    </ClInclude>
    <ClInclude Include="lib\smallft.h">
      <Filter>header\lib</Filter>
    </ClInclude>
    <ClInclude Include="lib\window.h">
      <Filter>header\lib</Filter>
    </ClInclude>
  </ItemGroup>
  <ItemGroup>
    <ClCompile Include="lib\psy.c">
      <Filter>src</Filter>
    </ClCompile>
    <ClCompile Include="lib\registry.c">
      <Filter>src</Filter>
    </ClCompile>
    <ClCompile Include="lib\res0.c">
      <Filter>src</Filter>
    </ClCompile>
    <ClCompile Include="lib\sharedbook.c">
      <Filter>src</Filter>
    </ClCompile>
    <ClCompile Include="lib\smallft.c">
      <Filter>src</Filter>
    </ClCompile>
    <ClCompile Include="lib\synthesis.c">
      <Filter>src</Filter>
    </ClCompile>
    <ClCompile Include="lib\vorbisfile.c">
      <Filter>src</Filter>
    </ClCompile>
    <ClCompile Include="lib\window.c">
      <Filter>src</Filter>
    </ClCompile>
    <ClCompile Include="lib\analysis.c">
      <Filter>src</Filter>
    </ClCompile>
    <ClCompile Include="lib\bitrate.c">
      <Filter>src</Filter>
    </ClCompile>
    <ClCompile Include="lib\block.c">
      <Filter>src</Filter>
    </ClCompile>
    <ClCompile Include="lib\codebook.c">
      <Filter>src</Filter>
    </ClCompile>
    <ClCompile Include="lib\envelope.c">
      <Filter>src</Filter>
    </ClCompile>
    <ClCompile Include="lib\floor0.c">
      <Filter>src</Filter>
    </ClCompile>
    <ClCompile Include="lib\floor1.c">
      <Filter>src</Filter>
    </ClCompile>
    <ClCompile Include="lib\info.c">
      <Filter>src</Filter>
    </ClCompile>
    <ClCompile Include="lib\lookup.c">
      <Filter>src</Filter>
    </ClCompile>
    <ClCompile Include="lib\lpc.c">
      <Filter>src</Filter>
    </ClCompile>
    <ClCompile Include="lib\lsp.c">
      <Filter>src</Filter>
    </ClCompile>
    <ClCompile Include="lib\mapping0.c">
      <Filter>src</Filter>
    </ClCompile>
    <ClCompile Include="lib\mdct.c">
      <Filter>src</Filter>
    </ClCompile>
  </ItemGroup>
</Project>