
Microsoft Visual Studio Solution File, Format Version 12.00
# Visual Studio 15
VisualStudioVersion = 15.0.28307.168
MinimumVisualStudioVersion = 10.0.40219.1
Project("{8BC9CEB8-8B4A-11D0-8D11-00A0C91BC942}") = "LuaSTG", "LuaSTG\LuaSTG.vcxproj", "{FB6F158E-769C-41A7-A275-32020D296388}"
EndProject
Project("{8BC9CEB8-8B4A-11D0-8D11-00A0C91BC942}") = "zlib", "zlib\zlib.vcxproj", "{47A5BCCE-47C1-42AC-BEE9-F950626E1E95}"
EndProject
Project("{8BC9CEB8-8B4A-11D0-8D11-00A0C91BC942}") = "libogg", "libogg\libogg.vcxproj", "{665F645E-1476-4957-89E9-4797C356621B}"
EndProject
Project("{8BC9CEB8-8B4A-11D0-8D11-00A0C91BC942}") = "libvorbis", "libvorbis\libvorbis.vcxproj", "{72953DB2-E19D-46FE-AF92-053773C2809B}"
EndProject
Project("{8BC9CEB8-8B4A-11D0-8D11-00A0C91BC942}") = "freetype", "freetype\freetype.vcxproj", "{BE92C39C-558B-4F5A-97DA-21593070AABA}"
EndProject
Project("{8BC9CEB8-8B4A-11D0-8D11-00A0C91BC942}") = "DirectShowClass", "DirectShowClass\DirectShowClass.vcxproj", "{BC7E0473-BC31-4CD7-8A44-860A482B6FE1}"
EndProject
Project("{8BC9CEB8-8B4A-11D0-8D11-00A0C91BC942}") = "fancylib", "fancylib\fancylib.vcxproj", "{D6F0F22B-302F-4447-B206-48BAE2F770C1}"
EndProject
Project("{8BC9CEB8-8B4A-11D0-8D11-00A0C91BC942}") = "fancy2D", "fancy2D\fancy2D.vcxproj", "{89A4F0A7-53F3-4C4F-AEFF-27074CCAE973}"
EndProject
Project("{8BC9CEB8-8B4A-11D0-8D11-00A0C91BC942}") = "TCPIP", "TCPIP\TCPIP.vcxproj", "{D98E325B-68D4-48B1-9473-1A97485C1831}"
EndProject
Global
	GlobalSection(SolutionConfigurationPlatforms) = preSolution
		Debug|x86 = Debug|x86
		Dev|x86 = Dev|x86
		Release|x86 = Release|x86
	EndGlobalSection
	GlobalSection(ProjectConfigurationPlatforms) = postSolution
		{FB6F158E-769C-41A7-A275-32020D296388}.Debug|x86.ActiveCfg = Debug|Win32
		{FB6F158E-769C-41A7-A275-32020D296388}.Debug|x86.Build.0 = Debug|Win32
		{FB6F158E-769C-41A7-A275-32020D296388}.Dev|x86.ActiveCfg = Dev|Win32
		{FB6F158E-769C-41A7-A275-32020D296388}.Dev|x86.Build.0 = Dev|Win32
		{FB6F158E-769C-41A7-A275-32020D296388}.Release|x86.ActiveCfg = Release|Win32
		{FB6F158E-769C-41A7-A275-32020D296388}.Release|x86.Build.0 = Release|Win32
		{47A5BCCE-47C1-42AC-BEE9-F950626E1E95}.Debug|x86.ActiveCfg = Debug|Win32
		{47A5BCCE-47C1-42AC-BEE9-F950626E1E95}.Debug|x86.Build.0 = Debug|Win32
		{47A5BCCE-47C1-42AC-BEE9-F950626E1E95}.Dev|x86.ActiveCfg = Dev|Win32
		{47A5BCCE-47C1-42AC-BEE9-F950626E1E95}.Dev|x86.Build.0 = Dev|Win32
		{47A5BCCE-47C1-42AC-BEE9-F950626E1E95}.Release|x86.ActiveCfg = Release|Win32
		{47A5BCCE-47C1-42AC-BEE9-F950626E1E95}.Release|x86.Build.0 = Release|Win32
		{665F645E-1476-4957-89E9-4797C356621B}.Debug|x86.ActiveCfg = Debug|Win32
		{665F645E-1476-4957-89E9-4797C356621B}.Debug|x86.Build.0 = Debug|Win32
		{665F645E-1476-4957-89E9-4797C356621B}.Dev|x86.ActiveCfg = Debug|Win32
		{665F645E-1476-4957-89E9-4797C356621B}.Dev|x86.Build.0 = Debug|Win32
		{665F645E-1476-4957-89E9-4797C356621B}.Release|x86.ActiveCfg = Release|Win32
		{665F645E-1476-4957-89E9-4797C356621B}.Release|x86.Build.0 = Release|Win32
		{72953DB2-E19D-46FE-AF92-053773C2809B}.Debug|x86.ActiveCfg = Debug|Win32
		{72953DB2-E19D-46FE-AF92-053773C2809B}.Debug|x86.Build.0 = Debug|Win32
		{72953DB2-E19D-46FE-AF92-053773C2809B}.Dev|x86.ActiveCfg = Debug|Win32
		{72953DB2-E19D-46FE-AF92-053773C2809B}.Dev|x86.Build.0 = Debug|Win32
		{72953DB2-E19D-46FE-AF92-053773C2809B}.Release|x86.ActiveCfg = Release|Win32
		{72953DB2-E19D-46FE-AF92-053773C2809B}.Release|x86.Build.0 = Release|Win32
		{BE92C39C-558B-4F5A-97DA-21593070AABA}.Debug|x86.ActiveCfg = Debug|Win32
		{BE92C39C-558B-4F5A-97DA-21593070AABA}.Debug|x86.Build.0 = Debug|Win32
		{BE92C39C-558B-4F5A-97DA-21593070AABA}.Dev|x86.ActiveCfg = Debug|Win32
		{BE92C39C-558B-4F5A-97DA-21593070AABA}.Dev|x86.Build.0 = Debug|Win32
		{BE92C39C-558B-4F5A-97DA-21593070AABA}.Release|x86.ActiveCfg = Release|Win32
		{BE92C39C-558B-4F5A-97DA-21593070AABA}.Release|x86.Build.0 = Release|Win32
		{BC7E0473-BC31-4CD7-8A44-860A482B6FE1}.Debug|x86.ActiveCfg = Debug|Win32
		{BC7E0473-BC31-4CD7-8A44-860A482B6FE1}.Debug|x86.Build.0 = Debug|Win32
		{BC7E0473-BC31-4CD7-8A44-860A482B6FE1}.Dev|x86.ActiveCfg = Debug|Win32
		{BC7E0473-BC31-4CD7-8A44-860A482B6FE1}.Dev|x86.Build.0 = Debug|Win32
		{BC7E0473-BC31-4CD7-8A44-860A482B6FE1}.Release|x86.ActiveCfg = Release|Win32
		{BC7E0473-BC31-4CD7-8A44-860A482B6FE1}.Release|x86.Build.0 = Release|Win32
		{D6F0F22B-302F-4447-B206-48BAE2F770C1}.Debug|x86.ActiveCfg = Debug|Win32
		{D6F0F22B-302F-4447-B206-48BAE2F770C1}.Debug|x86.Build.0 = Debug|Win32
		{D6F0F22B-302F-4447-B206-48BAE2F770C1}.Dev|x86.ActiveCfg = Debug|Win32
		{D6F0F22B-302F-4447-B206-48BAE2F770C1}.Dev|x86.Build.0 = Debug|Win32
		{D6F0F22B-302F-4447-B206-48BAE2F770C1}.Release|x86.ActiveCfg = Release|Win32
		{D6F0F22B-302F-4447-B206-48BAE2F770C1}.Release|x86.Build.0 = Release|Win32
		{89A4F0A7-53F3-4C4F-AEFF-27074CCAE973}.Debug|x86.ActiveCfg = Debug|Win32
		{89A4F0A7-53F3-4C4F-AEFF-27074CCAE973}.Debug|x86.Build.0 = Debug|Win32
		{89A4F0A7-53F3-4C4F-AEFF-27074CCAE973}.Dev|x86.ActiveCfg = Debug|Win32
		{89A4F0A7-53F3-4C4F-AEFF-27074CCAE973}.Dev|x86.Build.0 = Debug|Win32
		{89A4F0A7-53F3-4C4F-AEFF-27074CCAE973}.Release|x86.ActiveCfg = Release|Win32
		{89A4F0A7-53F3-4C4F-AEFF-27074CCAE973}.Release|x86.Build.0 = Release|Win32
		{D98E325B-68D4-48B1-9473-1A97485C1831}.Debug|x86.ActiveCfg = Debug|Win32
		{D98E325B-68D4-48B1-9473-1A97485C1831}.Debug|x86.Build.0 = Debug|Win32
		{D98E325B-68D4-48B1-9473-1A97485C1831}.Dev|x86.ActiveCfg = Debug|Win32
		{D98E325B-68D4-48B1-9473-1A97485C1831}.Dev|x86.Build.0 = Debug|Win32
		{D98E325B-68D4-48B1-9473-1A97485C1831}.Release|x86.ActiveCfg = Release|Win32
		{D98E325B-68D4-48B1-9473-1A97485C1831}.Release|x86.Build.0 = Release|Win32
	EndGlobalSection
	GlobalSection(SolutionProperties) = preSolution
		HideSolutionNode = FALSE
	EndGlobalSection
	GlobalSection(ExtensibilityGlobals) = postSolution
		SolutionGuid = {69D20EFA-C442-430A-B03D-751FAC4A1115}
	EndGlobalSection
EndGlobal
