
Microsoft Visual Studio Solution File, Format Version 12.00
# Visual Studio Version 16
VisualStudioVersion = 16.0.28803.202
MinimumVisualStudioVersion = 10.0.40219.1
Project("{8BC9CEB8-8B4A-11D0-8D11-00A0C91BC942}") = "LuaSTG", "LuaSTG\LuaSTG.vcxproj", "{FB6F158E-769C-41A7-A275-32020D296388}"
EndProject
Project("{8BC9CEB8-8B4A-11D0-8D11-00A0C91BC942}") = "zlib", "zlib\zlib.vcxproj", "{47A5BCCE-47C1-42AC-BEE9-F950626E1E95}"
EndProject
Project("{8BC9CEB8-8B4A-11D0-8D11-00A0C91BC942}") = "libogg", "libogg\libogg.vcxproj", "{665F645E-1476-4957-89E9-4797C356621B}"
EndProject
Project("{8BC9CEB8-8B4A-11D0-8D11-00A0C91BC942}") = "libvorbis", "libvorbis\libvorbis.vcxproj", "{72953DB2-E19D-46FE-AF92-053773C2809B}"
EndProject
Project("{8BC9CEB8-8B4A-11D0-8D11-00A0C91BC942}") = "freetype", "freetype\freetype.vcxproj", "{BE92C39C-558B-4F5A-97DA-21593070AABA}"
EndProject
Project("{8BC9CEB8-8B4A-11D0-8D11-00A0C91BC942}") = "DirectShowClass", "DirectShowClass\DirectShowClass.vcxproj", "{BC7E0473-BC31-4CD7-8A44-860A482B6FE1}"
EndProject
Project("{8BC9CEB8-8B4A-11D0-8D11-00A0C91BC942}") = "fancylib", "fancylib\fancylib.vcxproj", "{D6F0F22B-302F-4447-B206-48BAE2F770C1}"
EndProject
Project("{8BC9CEB8-8B4A-11D0-8D11-00A0C91BC942}") = "fancy2D", "fancy2D\fancy2D.vcxproj", "{89A4F0A7-53F3-4C4F-AEFF-27074CCAE973}"
EndProject
Project("{8BC9CEB8-8B4A-11D0-8D11-00A0C91BC942}") = "TCPIP", "TCPIP\TCPIP.vcxproj", "{D98E325B-68D4-48B1-9473-1A97485C1831}"
EndProject
Project("{FAE04EC0-301F-11D3-BF4B-00C04F79EFBC}") = "TexturedFontEditor", "TexturedFontEditor\TexturedFontEditor.csproj", "{4F227D23-99B8-4745-8E80-B8E83BC83BFF}"
EndProject
Project("{FAE04EC0-301F-11D3-BF4B-00C04F79EFBC}") = "SimpleServer", "SimpleServer\SimpleServer.csproj", "{FDFA58D1-8665-41A2-80BA-646B7093CE1B}"
EndProject
Project("{8BC9CEB8-8B4A-11D0-8D11-00A0C91BC942}") = "Eyes2DTest", "Eyes2DTest\Eyes2DTest.vcxproj", "{BE5AD6B6-0446-4ED6-AF0A-679766002991}"
EndProject
Project("{8BC9CEB8-8B4A-11D0-8D11-00A0C91BC942}") = "Eyes2D", "Eyes2D\Eyes2D.vcxproj", "{B209A1D8-6C6F-4318-9A70-A03A2DE9C4A2}"
EndProject
Project("{8BC9CEB8-8B4A-11D0-8D11-00A0C91BC942}") = "XMath", "XMath\XMath.vcxproj", "{7FB75646-9EC6-458C-9C79-FCBC2DC7E2A1}"
EndProject
Global
	GlobalSection(SolutionConfigurationPlatforms) = preSolution
		Debug|Any CPU = Debug|Any CPU
		Debug|x64 = Debug|x64
		Debug|x86 = Debug|x86
		Dev|Any CPU = Dev|Any CPU
		Dev|x64 = Dev|x64
		Dev|x86 = Dev|x86
		Release|Any CPU = Release|Any CPU
		Release|x64 = Release|x64
		Release|x86 = Release|x86
	EndGlobalSection
	GlobalSection(ProjectConfigurationPlatforms) = postSolution
		{FB6F158E-769C-41A7-A275-32020D296388}.Debug|Any CPU.ActiveCfg = Debug|Win32
		{FB6F158E-769C-41A7-A275-32020D296388}.Debug|x64.ActiveCfg = Debug|x64
		{FB6F158E-769C-41A7-A275-32020D296388}.Debug|x64.Build.0 = Debug|x64
		{FB6F158E-769C-41A7-A275-32020D296388}.Debug|x86.ActiveCfg = Debug|Win32
		{FB6F158E-769C-41A7-A275-32020D296388}.Debug|x86.Build.0 = Debug|Win32
		{FB6F158E-769C-41A7-A275-32020D296388}.Dev|Any CPU.ActiveCfg = Dev|Win32
		{FB6F158E-769C-41A7-A275-32020D296388}.Dev|x64.ActiveCfg = Dev|x64
		{FB6F158E-769C-41A7-A275-32020D296388}.Dev|x64.Build.0 = Dev|x64
		{FB6F158E-769C-41A7-A275-32020D296388}.Dev|x86.ActiveCfg = Dev|Win32
		{FB6F158E-769C-41A7-A275-32020D296388}.Dev|x86.Build.0 = Dev|Win32
		{FB6F158E-769C-41A7-A275-32020D296388}.Release|Any CPU.ActiveCfg = Release|Win32
		{FB6F158E-769C-41A7-A275-32020D296388}.Release|x64.ActiveCfg = Release|x64
		{FB6F158E-769C-41A7-A275-32020D296388}.Release|x64.Build.0 = Release|x64
		{FB6F158E-769C-41A7-A275-32020D296388}.Release|x86.ActiveCfg = Release|Win32
		{FB6F158E-769C-41A7-A275-32020D296388}.Release|x86.Build.0 = Release|Win32
		{47A5BCCE-47C1-42AC-BEE9-F950626E1E95}.Debug|Any CPU.ActiveCfg = Debug|Win32
		{47A5BCCE-47C1-42AC-BEE9-F950626E1E95}.Debug|x64.ActiveCfg = Debug|x64
		{47A5BCCE-47C1-42AC-BEE9-F950626E1E95}.Debug|x64.Build.0 = Debug|x64
		{47A5BCCE-47C1-42AC-BEE9-F950626E1E95}.Debug|x86.ActiveCfg = Debug|Win32
		{47A5BCCE-47C1-42AC-BEE9-F950626E1E95}.Debug|x86.Build.0 = Debug|Win32
		{47A5BCCE-47C1-42AC-BEE9-F950626E1E95}.Dev|Any CPU.ActiveCfg = Dev|Win32
		{47A5BCCE-47C1-42AC-BEE9-F950626E1E95}.Dev|x64.ActiveCfg = Dev|x64
		{47A5BCCE-47C1-42AC-BEE9-F950626E1E95}.Dev|x64.Build.0 = Dev|x64
		{47A5BCCE-47C1-42AC-BEE9-F950626E1E95}.Dev|x86.ActiveCfg = Dev|Win32
		{47A5BCCE-47C1-42AC-BEE9-F950626E1E95}.Dev|x86.Build.0 = Dev|Win32
		{47A5BCCE-47C1-42AC-BEE9-F950626E1E95}.Release|Any CPU.ActiveCfg = Release|Win32
		{47A5BCCE-47C1-42AC-BEE9-F950626E1E95}.Release|x64.ActiveCfg = Release|x64
		{47A5BCCE-47C1-42AC-BEE9-F950626E1E95}.Release|x64.Build.0 = Release|x64
		{47A5BCCE-47C1-42AC-BEE9-F950626E1E95}.Release|x86.ActiveCfg = Release|Win32
		{47A5BCCE-47C1-42AC-BEE9-F950626E1E95}.Release|x86.Build.0 = Release|Win32
		{665F645E-1476-4957-89E9-4797C356621B}.Debug|Any CPU.ActiveCfg = Debug|Win32
		{665F645E-1476-4957-89E9-4797C356621B}.Debug|x64.ActiveCfg = Debug|x64
		{665F645E-1476-4957-89E9-4797C356621B}.Debug|x64.Build.0 = Debug|x64
		{665F645E-1476-4957-89E9-4797C356621B}.Debug|x86.ActiveCfg = Debug|Win32
		{665F645E-1476-4957-89E9-4797C356621B}.Debug|x86.Build.0 = Debug|Win32
		{665F645E-1476-4957-89E9-4797C356621B}.Dev|Any CPU.ActiveCfg = Release|x64
		{665F645E-1476-4957-89E9-4797C356621B}.Dev|Any CPU.Build.0 = Release|x64
		{665F645E-1476-4957-89E9-4797C356621B}.Dev|x64.ActiveCfg = Debug|x64
		{665F645E-1476-4957-89E9-4797C356621B}.Dev|x64.Build.0 = Debug|x64
		{665F645E-1476-4957-89E9-4797C356621B}.Dev|x86.ActiveCfg = Debug|Win32
		{665F645E-1476-4957-89E9-4797C356621B}.Dev|x86.Build.0 = Debug|Win32
		{665F645E-1476-4957-89E9-4797C356621B}.Release|Any CPU.ActiveCfg = Release|Win32
		{665F645E-1476-4957-89E9-4797C356621B}.Release|x64.ActiveCfg = Release|x64
		{665F645E-1476-4957-89E9-4797C356621B}.Release|x64.Build.0 = Release|x64
		{665F645E-1476-4957-89E9-4797C356621B}.Release|x86.ActiveCfg = Release|Win32
		{665F645E-1476-4957-89E9-4797C356621B}.Release|x86.Build.0 = Release|Win32
		{72953DB2-E19D-46FE-AF92-053773C2809B}.Debug|Any CPU.ActiveCfg = Debug|Win32
		{72953DB2-E19D-46FE-AF92-053773C2809B}.Debug|x64.ActiveCfg = Debug|x64
		{72953DB2-E19D-46FE-AF92-053773C2809B}.Debug|x64.Build.0 = Debug|x64
		{72953DB2-E19D-46FE-AF92-053773C2809B}.Debug|x86.ActiveCfg = Debug|Win32
		{72953DB2-E19D-46FE-AF92-053773C2809B}.Debug|x86.Build.0 = Debug|Win32
		{72953DB2-E19D-46FE-AF92-053773C2809B}.Dev|Any CPU.ActiveCfg = Release|x64
		{72953DB2-E19D-46FE-AF92-053773C2809B}.Dev|Any CPU.Build.0 = Release|x64
		{72953DB2-E19D-46FE-AF92-053773C2809B}.Dev|x64.ActiveCfg = Debug|x64
		{72953DB2-E19D-46FE-AF92-053773C2809B}.Dev|x64.Build.0 = Debug|x64
		{72953DB2-E19D-46FE-AF92-053773C2809B}.Dev|x86.ActiveCfg = Debug|Win32
		{72953DB2-E19D-46FE-AF92-053773C2809B}.Dev|x86.Build.0 = Debug|Win32
		{72953DB2-E19D-46FE-AF92-053773C2809B}.Release|Any CPU.ActiveCfg = Release|Win32
		{72953DB2-E19D-46FE-AF92-053773C2809B}.Release|x64.ActiveCfg = Release|x64
		{72953DB2-E19D-46FE-AF92-053773C2809B}.Release|x64.Build.0 = Release|x64
		{72953DB2-E19D-46FE-AF92-053773C2809B}.Release|x86.ActiveCfg = Release|Win32
		{72953DB2-E19D-46FE-AF92-053773C2809B}.Release|x86.Build.0 = Release|Win32
		{BE92C39C-558B-4F5A-97DA-21593070AABA}.Debug|Any CPU.ActiveCfg = Debug|Win32
		{BE92C39C-558B-4F5A-97DA-21593070AABA}.Debug|x64.ActiveCfg = Debug|x64
		{BE92C39C-558B-4F5A-97DA-21593070AABA}.Debug|x64.Build.0 = Debug|x64
		{BE92C39C-558B-4F5A-97DA-21593070AABA}.Debug|x86.ActiveCfg = Debug|Win32
		{BE92C39C-558B-4F5A-97DA-21593070AABA}.Debug|x86.Build.0 = Debug|Win32
		{BE92C39C-558B-4F5A-97DA-21593070AABA}.Dev|Any CPU.ActiveCfg = Release|x64
		{BE92C39C-558B-4F5A-97DA-21593070AABA}.Dev|Any CPU.Build.0 = Release|x64
		{BE92C39C-558B-4F5A-97DA-21593070AABA}.Dev|x64.ActiveCfg = Debug|x64
		{BE92C39C-558B-4F5A-97DA-21593070AABA}.Dev|x64.Build.0 = Debug|x64
		{BE92C39C-558B-4F5A-97DA-21593070AABA}.Dev|x86.ActiveCfg = Debug|Win32
		{BE92C39C-558B-4F5A-97DA-21593070AABA}.Dev|x86.Build.0 = Debug|Win32
		{BE92C39C-558B-4F5A-97DA-21593070AABA}.Release|Any CPU.ActiveCfg = Release|Win32
		{BE92C39C-558B-4F5A-97DA-21593070AABA}.Release|x64.ActiveCfg = Release|x64
		{BE92C39C-558B-4F5A-97DA-21593070AABA}.Release|x64.Build.0 = Release|x64
		{BE92C39C-558B-4F5A-97DA-21593070AABA}.Release|x86.ActiveCfg = Release|Win32
		{BE92C39C-558B-4F5A-97DA-21593070AABA}.Release|x86.Build.0 = Release|Win32
		{BC7E0473-BC31-4CD7-8A44-860A482B6FE1}.Debug|Any CPU.ActiveCfg = Debug|Win32
		{BC7E0473-BC31-4CD7-8A44-860A482B6FE1}.Debug|x64.ActiveCfg = Debug|Win32
		{BC7E0473-BC31-4CD7-8A44-860A482B6FE1}.Debug|x86.ActiveCfg = Debug|Win32
		{BC7E0473-BC31-4CD7-8A44-860A482B6FE1}.Debug|x86.Build.0 = Debug|Win32
		{BC7E0473-BC31-4CD7-8A44-860A482B6FE1}.Dev|Any CPU.ActiveCfg = Release|ARM
		{BC7E0473-BC31-4CD7-8A44-860A482B6FE1}.Dev|Any CPU.Build.0 = Release|ARM
		{BC7E0473-BC31-4CD7-8A44-860A482B6FE1}.Dev|x64.ActiveCfg = Debug|ARM
		{BC7E0473-BC31-4CD7-8A44-860A482B6FE1}.Dev|x64.Build.0 = Debug|ARM
		{BC7E0473-BC31-4CD7-8A44-860A482B6FE1}.Dev|x86.ActiveCfg = Debug|Win32
		{BC7E0473-BC31-4CD7-8A44-860A482B6FE1}.Dev|x86.Build.0 = Debug|Win32
		{BC7E0473-BC31-4CD7-8A44-860A482B6FE1}.Release|Any CPU.ActiveCfg = Release|Win32
		{BC7E0473-BC31-4CD7-8A44-860A482B6FE1}.Release|x64.ActiveCfg = Release|Win32
		{BC7E0473-BC31-4CD7-8A44-860A482B6FE1}.Release|x86.ActiveCfg = Release|Win32
		{BC7E0473-BC31-4CD7-8A44-860A482B6FE1}.Release|x86.Build.0 = Release|Win32
		{D6F0F22B-302F-4447-B206-48BAE2F770C1}.Debug|Any CPU.ActiveCfg = Debug|Win32
		{D6F0F22B-302F-4447-B206-48BAE2F770C1}.Debug|x64.ActiveCfg = Debug|x64
		{D6F0F22B-302F-4447-B206-48BAE2F770C1}.Debug|x64.Build.0 = Debug|x64
		{D6F0F22B-302F-4447-B206-48BAE2F770C1}.Debug|x86.ActiveCfg = Debug|Win32
		{D6F0F22B-302F-4447-B206-48BAE2F770C1}.Debug|x86.Build.0 = Debug|Win32
		{D6F0F22B-302F-4447-B206-48BAE2F770C1}.Dev|Any CPU.ActiveCfg = Release|x64
		{D6F0F22B-302F-4447-B206-48BAE2F770C1}.Dev|Any CPU.Build.0 = Release|x64
		{D6F0F22B-302F-4447-B206-48BAE2F770C1}.Dev|x64.ActiveCfg = Debug|x64
		{D6F0F22B-302F-4447-B206-48BAE2F770C1}.Dev|x64.Build.0 = Debug|x64
		{D6F0F22B-302F-4447-B206-48BAE2F770C1}.Dev|x86.ActiveCfg = Debug|Win32
		{D6F0F22B-302F-4447-B206-48BAE2F770C1}.Dev|x86.Build.0 = Debug|Win32
		{D6F0F22B-302F-4447-B206-48BAE2F770C1}.Release|Any CPU.ActiveCfg = Release|Win32
		{D6F0F22B-302F-4447-B206-48BAE2F770C1}.Release|x64.ActiveCfg = Release|x64
		{D6F0F22B-302F-4447-B206-48BAE2F770C1}.Release|x64.Build.0 = Release|x64
		{D6F0F22B-302F-4447-B206-48BAE2F770C1}.Release|x86.ActiveCfg = Release|Win32
		{D6F0F22B-302F-4447-B206-48BAE2F770C1}.Release|x86.Build.0 = Release|Win32
		{89A4F0A7-53F3-4C4F-AEFF-27074CCAE973}.Debug|Any CPU.ActiveCfg = Debug|Win32
		{89A4F0A7-53F3-4C4F-AEFF-27074CCAE973}.Debug|x64.ActiveCfg = Debug|Win32
		{89A4F0A7-53F3-4C4F-AEFF-27074CCAE973}.Debug|x86.ActiveCfg = Debug|Win32
		{89A4F0A7-53F3-4C4F-AEFF-27074CCAE973}.Debug|x86.Build.0 = Debug|Win32
		{89A4F0A7-53F3-4C4F-AEFF-27074CCAE973}.Dev|Any CPU.ActiveCfg = Release|ARM
		{89A4F0A7-53F3-4C4F-AEFF-27074CCAE973}.Dev|Any CPU.Build.0 = Release|ARM
		{89A4F0A7-53F3-4C4F-AEFF-27074CCAE973}.Dev|x64.ActiveCfg = Debug|ARM
		{89A4F0A7-53F3-4C4F-AEFF-27074CCAE973}.Dev|x64.Build.0 = Debug|ARM
		{89A4F0A7-53F3-4C4F-AEFF-27074CCAE973}.Dev|x86.ActiveCfg = Debug|Win32
		{89A4F0A7-53F3-4C4F-AEFF-27074CCAE973}.Dev|x86.Build.0 = Debug|Win32
		{89A4F0A7-53F3-4C4F-AEFF-27074CCAE973}.Release|Any CPU.ActiveCfg = Release|Win32
		{89A4F0A7-53F3-4C4F-AEFF-27074CCAE973}.Release|x64.ActiveCfg = Release|Win32
		{89A4F0A7-53F3-4C4F-AEFF-27074CCAE973}.Release|x86.ActiveCfg = Release|Win32
		{89A4F0A7-53F3-4C4F-AEFF-27074CCAE973}.Release|x86.Build.0 = Release|Win32
		{D98E325B-68D4-48B1-9473-1A97485C1831}.Debug|Any CPU.ActiveCfg = Debug|Win32
		{D98E325B-68D4-48B1-9473-1A97485C1831}.Debug|x64.ActiveCfg = Debug|Win32
		{D98E325B-68D4-48B1-9473-1A97485C1831}.Debug|x86.ActiveCfg = Debug|Win32
		{D98E325B-68D4-48B1-9473-1A97485C1831}.Debug|x86.Build.0 = Debug|Win32
		{D98E325B-68D4-48B1-9473-1A97485C1831}.Dev|Any CPU.ActiveCfg = Release|Win32
		{D98E325B-68D4-48B1-9473-1A97485C1831}.Dev|Any CPU.Build.0 = Release|Win32
		{D98E325B-68D4-48B1-9473-1A97485C1831}.Dev|x64.ActiveCfg = Release|Win32
		{D98E325B-68D4-48B1-9473-1A97485C1831}.Dev|x64.Build.0 = Release|Win32
		{D98E325B-68D4-48B1-9473-1A97485C1831}.Dev|x86.ActiveCfg = Debug|Win32
		{D98E325B-68D4-48B1-9473-1A97485C1831}.Dev|x86.Build.0 = Debug|Win32
		{D98E325B-68D4-48B1-9473-1A97485C1831}.Release|Any CPU.ActiveCfg = Release|Win32
		{D98E325B-68D4-48B1-9473-1A97485C1831}.Release|x64.ActiveCfg = Release|Win32
		{D98E325B-68D4-48B1-9473-1A97485C1831}.Release|x86.ActiveCfg = Release|Win32
		{D98E325B-68D4-48B1-9473-1A97485C1831}.Release|x86.Build.0 = Release|Win32
		{4F227D23-99B8-4745-8E80-B8E83BC83BFF}.Debug|Any CPU.ActiveCfg = Debug|Any CPU
		{4F227D23-99B8-4745-8E80-B8E83BC83BFF}.Debug|Any CPU.Build.0 = Debug|Any CPU
		{4F227D23-99B8-4745-8E80-B8E83BC83BFF}.Debug|x64.ActiveCfg = Debug|Any CPU
		{4F227D23-99B8-4745-8E80-B8E83BC83BFF}.Debug|x64.Build.0 = Debug|Any CPU
		{4F227D23-99B8-4745-8E80-B8E83BC83BFF}.Debug|x86.ActiveCfg = Debug|Any CPU
		{4F227D23-99B8-4745-8E80-B8E83BC83BFF}.Debug|x86.Build.0 = Debug|Any CPU
		{4F227D23-99B8-4745-8E80-B8E83BC83BFF}.Dev|Any CPU.ActiveCfg = Debug|Any CPU
		{4F227D23-99B8-4745-8E80-B8E83BC83BFF}.Dev|Any CPU.Build.0 = Debug|Any CPU
		{4F227D23-99B8-4745-8E80-B8E83BC83BFF}.Dev|x64.ActiveCfg = Debug|Any CPU
		{4F227D23-99B8-4745-8E80-B8E83BC83BFF}.Dev|x64.Build.0 = Debug|Any CPU
		{4F227D23-99B8-4745-8E80-B8E83BC83BFF}.Dev|x86.ActiveCfg = Debug|Any CPU
		{4F227D23-99B8-4745-8E80-B8E83BC83BFF}.Dev|x86.Build.0 = Debug|Any CPU
		{4F227D23-99B8-4745-8E80-B8E83BC83BFF}.Release|Any CPU.ActiveCfg = Release|Any CPU
		{4F227D23-99B8-4745-8E80-B8E83BC83BFF}.Release|Any CPU.Build.0 = Release|Any CPU
		{4F227D23-99B8-4745-8E80-B8E83BC83BFF}.Release|x64.ActiveCfg = Release|Any CPU
		{4F227D23-99B8-4745-8E80-B8E83BC83BFF}.Release|x64.Build.0 = Release|Any CPU
		{4F227D23-99B8-4745-8E80-B8E83BC83BFF}.Release|x86.ActiveCfg = Release|Any CPU
		{4F227D23-99B8-4745-8E80-B8E83BC83BFF}.Release|x86.Build.0 = Release|Any CPU
		{FDFA58D1-8665-41A2-80BA-646B7093CE1B}.Debug|Any CPU.ActiveCfg = Debug|Any CPU
		{FDFA58D1-8665-41A2-80BA-646B7093CE1B}.Debug|Any CPU.Build.0 = Debug|Any CPU
		{FDFA58D1-8665-41A2-80BA-646B7093CE1B}.Debug|x64.ActiveCfg = Debug|Any CPU
		{FDFA58D1-8665-41A2-80BA-646B7093CE1B}.Debug|x64.Build.0 = Debug|Any CPU
		{FDFA58D1-8665-41A2-80BA-646B7093CE1B}.Debug|x86.ActiveCfg = Debug|Any CPU
		{FDFA58D1-8665-41A2-80BA-646B7093CE1B}.Debug|x86.Build.0 = Debug|Any CPU
		{FDFA58D1-8665-41A2-80BA-646B7093CE1B}.Dev|Any CPU.ActiveCfg = Debug|Any CPU
		{FDFA58D1-8665-41A2-80BA-646B7093CE1B}.Dev|Any CPU.Build.0 = Debug|Any CPU
		{FDFA58D1-8665-41A2-80BA-646B7093CE1B}.Dev|x64.ActiveCfg = Debug|Any CPU
		{FDFA58D1-8665-41A2-80BA-646B7093CE1B}.Dev|x64.Build.0 = Debug|Any CPU
		{FDFA58D1-8665-41A2-80BA-646B7093CE1B}.Dev|x86.ActiveCfg = Debug|Any CPU
		{FDFA58D1-8665-41A2-80BA-646B7093CE1B}.Dev|x86.Build.0 = Debug|Any CPU
		{FDFA58D1-8665-41A2-80BA-646B7093CE1B}.Release|Any CPU.ActiveCfg = Release|Any CPU
		{FDFA58D1-8665-41A2-80BA-646B7093CE1B}.Release|Any CPU.Build.0 = Release|Any CPU
		{FDFA58D1-8665-41A2-80BA-646B7093CE1B}.Release|x64.ActiveCfg = Release|Any CPU
		{FDFA58D1-8665-41A2-80BA-646B7093CE1B}.Release|x64.Build.0 = Release|Any CPU
		{FDFA58D1-8665-41A2-80BA-646B7093CE1B}.Release|x86.ActiveCfg = Release|Any CPU
		{FDFA58D1-8665-41A2-80BA-646B7093CE1B}.Release|x86.Build.0 = Release|Any CPU
		{BE5AD6B6-0446-4ED6-AF0A-679766002991}.Debug|Any CPU.ActiveCfg = Debug|Win32
		{BE5AD6B6-0446-4ED6-AF0A-679766002991}.Debug|x64.ActiveCfg = Debug|x64
		{BE5AD6B6-0446-4ED6-AF0A-679766002991}.Debug|x64.Build.0 = Debug|x64
		{BE5AD6B6-0446-4ED6-AF0A-679766002991}.Debug|x86.ActiveCfg = Debug|Win32
		{BE5AD6B6-0446-4ED6-AF0A-679766002991}.Debug|x86.Build.0 = Debug|Win32
		{BE5AD6B6-0446-4ED6-AF0A-679766002991}.Dev|Any CPU.ActiveCfg = Release|x64
		{BE5AD6B6-0446-4ED6-AF0A-679766002991}.Dev|Any CPU.Build.0 = Release|x64
		{BE5AD6B6-0446-4ED6-AF0A-679766002991}.Dev|x64.ActiveCfg = Debug|x64
		{BE5AD6B6-0446-4ED6-AF0A-679766002991}.Dev|x64.Build.0 = Debug|x64
		{BE5AD6B6-0446-4ED6-AF0A-679766002991}.Dev|x86.ActiveCfg = Debug|Win32
		{BE5AD6B6-0446-4ED6-AF0A-679766002991}.Dev|x86.Build.0 = Debug|Win32
		{BE5AD6B6-0446-4ED6-AF0A-679766002991}.Release|Any CPU.ActiveCfg = Release|Win32
		{BE5AD6B6-0446-4ED6-AF0A-679766002991}.Release|x64.ActiveCfg = Release|x64
		{BE5AD6B6-0446-4ED6-AF0A-679766002991}.Release|x64.Build.0 = Release|x64
		{BE5AD6B6-0446-4ED6-AF0A-679766002991}.Release|x86.ActiveCfg = Release|Win32
		{BE5AD6B6-0446-4ED6-AF0A-679766002991}.Release|x86.Build.0 = Release|Win32
		{B209A1D8-6C6F-4318-9A70-A03A2DE9C4A2}.Debug|Any CPU.ActiveCfg = Debug|Win32
		{B209A1D8-6C6F-4318-9A70-A03A2DE9C4A2}.Debug|x64.ActiveCfg = Debug|x64
		{B209A1D8-6C6F-4318-9A70-A03A2DE9C4A2}.Debug|x64.Build.0 = Debug|x64
		{B209A1D8-6C6F-4318-9A70-A03A2DE9C4A2}.Debug|x86.ActiveCfg = Debug|Win32
		{B209A1D8-6C6F-4318-9A70-A03A2DE9C4A2}.Debug|x86.Build.0 = Debug|Win32
		{B209A1D8-6C6F-4318-9A70-A03A2DE9C4A2}.Dev|Any CPU.ActiveCfg = Release|x64
		{B209A1D8-6C6F-4318-9A70-A03A2DE9C4A2}.Dev|Any CPU.Build.0 = Release|x64
		{B209A1D8-6C6F-4318-9A70-A03A2DE9C4A2}.Dev|x64.ActiveCfg = Debug|x64
		{B209A1D8-6C6F-4318-9A70-A03A2DE9C4A2}.Dev|x64.Build.0 = Debug|x64
		{B209A1D8-6C6F-4318-9A70-A03A2DE9C4A2}.Dev|x86.ActiveCfg = Debug|Win32
		{B209A1D8-6C6F-4318-9A70-A03A2DE9C4A2}.Dev|x86.Build.0 = Debug|Win32
		{B209A1D8-6C6F-4318-9A70-A03A2DE9C4A2}.Release|Any CPU.ActiveCfg = Release|Win32
		{B209A1D8-6C6F-4318-9A70-A03A2DE9C4A2}.Release|x64.ActiveCfg = Release|x64
		{B209A1D8-6C6F-4318-9A70-A03A2DE9C4A2}.Release|x64.Build.0 = Release|x64
		{B209A1D8-6C6F-4318-9A70-A03A2DE9C4A2}.Release|x86.ActiveCfg = Release|Win32
		{B209A1D8-6C6F-4318-9A70-A03A2DE9C4A2}.Release|x86.Build.0 = Release|Win32
		{7FB75646-9EC6-458C-9C79-FCBC2DC7E2A1}.Debug|Any CPU.ActiveCfg = Debug|Win32
		{7FB75646-9EC6-458C-9C79-FCBC2DC7E2A1}.Debug|x64.ActiveCfg = Debug|x64
		{7FB75646-9EC6-458C-9C79-FCBC2DC7E2A1}.Debug|x64.Build.0 = Debug|x64
		{7FB75646-9EC6-458C-9C79-FCBC2DC7E2A1}.Debug|x86.ActiveCfg = Debug|Win32
		{7FB75646-9EC6-458C-9C79-FCBC2DC7E2A1}.Debug|x86.Build.0 = Debug|Win32
		{7FB75646-9EC6-458C-9C79-FCBC2DC7E2A1}.Dev|Any CPU.ActiveCfg = Release|x64
		{7FB75646-9EC6-458C-9C79-FCBC2DC7E2A1}.Dev|Any CPU.Build.0 = Release|x64
		{7FB75646-9EC6-458C-9C79-FCBC2DC7E2A1}.Dev|x64.ActiveCfg = Debug|x64
		{7FB75646-9EC6-458C-9C79-FCBC2DC7E2A1}.Dev|x64.Build.0 = Debug|x64
		{7FB75646-9EC6-458C-9C79-FCBC2DC7E2A1}.Dev|x86.ActiveCfg = Debug|Win32
		{7FB75646-9EC6-458C-9C79-FCBC2DC7E2A1}.Dev|x86.Build.0 = Debug|Win32
		{7FB75646-9EC6-458C-9C79-FCBC2DC7E2A1}.Release|Any CPU.ActiveCfg = Release|Win32
		{7FB75646-9EC6-458C-9C79-FCBC2DC7E2A1}.Release|x64.ActiveCfg = Release|x64
		{7FB75646-9EC6-458C-9C79-FCBC2DC7E2A1}.Release|x64.Build.0 = Release|x64
		{7FB75646-9EC6-458C-9C79-FCBC2DC7E2A1}.Release|x86.ActiveCfg = Release|Win32
		{7FB75646-9EC6-458C-9C79-FCBC2DC7E2A1}.Release|x86.Build.0 = Release|Win32
	EndGlobalSection
	GlobalSection(SolutionProperties) = preSolution
		HideSolutionNode = FALSE
	EndGlobalSection
	GlobalSection(ExtensibilityGlobals) = postSolution
		SolutionGuid = {69D20EFA-C442-430A-B03D-751FAC4A1115}
	EndGlobalSection
EndGlobal
